name: Snyk AI-BOM Test

on:
  pull_request:

jobs:
  aibom-test:
    runs-on: ubuntu-latest
    steps:
      - uses: actions/checkout@v4

      - name: Install Snyk CLI
        run: npm install -g snyk

      - name: Authenticate Snyk
        run: snyk auth ${{ secrets.SNYK_TOKEN }}

      - name: Run AI-BOM Policy Test
        run: snyk aibom test --enriched
        env:
          SNYK_TOKEN: ${{ secrets.SNYK_TOKEN }}
